
Microsoft Visual Studio Solution File, Format Version 12.00
# 
Project("{FAE04EC0-301F-11D3-BF4B-00C04F79EFBC}") = "Reporting.UI", "Reporting.UI\Reporting.UI.csproj", "{881F1DFD-7D2E-44F9-86B6-DA61CBD141BD}"
EndProject
Project("{FAE04EC0-301F-11D3-BF4B-00C04F79EFBC}") = "Reporting.Shared", "Reporting.Shared\Reporting.Shared.csproj", "{56ADB6E4-EA9C-400F-A232-D97650151455}"
EndProject
Project("{FAE04EC0-301F-11D3-BF4B-00C04F79EFBC}") = "Reporting.Api", "Reporting.Api\Reporting.Api.csproj", "{08912384-6005-48CC-8C96-1CC8795DD943}"
EndProject
Global
	GlobalSection(SolutionConfigurationPlatforms) = preSolution
		Debug|Any CPU = Debug|Any CPU
		Release|Any CPU = Release|Any CPU
	EndGlobalSection
	GlobalSection(ProjectConfigurationPlatforms) = postSolution
		{881F1DFD-7D2E-44F9-86B6-DA61CBD141BD}.Debug|Any CPU.ActiveCfg = Debug|Any CPU
		{881F1DFD-7D2E-44F9-86B6-DA61CBD141BD}.Debug|Any CPU.Build.0 = Debug|Any CPU
		{881F1DFD-7D2E-44F9-86B6-DA61CBD141BD}.Release|Any CPU.ActiveCfg = Release|Any CPU
		{881F1DFD-7D2E-44F9-86B6-DA61CBD141BD}.Release|Any CPU.Build.0 = Release|Any CPU
		{56ADB6E4-EA9C-400F-A232-D97650151455}.Debug|Any CPU.ActiveCfg = Debug|Any CPU
		{56ADB6E4-EA9C-400F-A232-D97650151455}.Debug|Any CPU.Build.0 = Debug|Any CPU
		{56ADB6E4-EA9C-400F-A232-D97650151455}.Release|Any CPU.ActiveCfg = Release|Any CPU
		{56ADB6E4-EA9C-400F-A232-D97650151455}.Release|Any CPU.Build.0 = Release|Any CPU
		{08912384-6005-48CC-8C96-1CC8795DD943}.Debug|Any CPU.ActiveCfg = Debug|Any CPU
		{08912384-6005-48CC-8C96-1CC8795DD943}.Debug|Any CPU.Build.0 = Debug|Any CPU
		{08912384-6005-48CC-8C96-1CC8795DD943}.Release|Any CPU.ActiveCfg = Release|Any CPU
		{08912384-6005-48CC-8C96-1CC8795DD943}.Release|Any CPU.Build.0 = Release|Any CPU
	EndGlobalSection
EndGlobal
